
Microsoft Visual Studio Solution File, Format Version 12.00
# Visual Studio Version 17
VisualStudioVersion = 17.14.36408.4 d17.14
MinimumVisualStudioVersion = 10.0.40219.1
Project("{FAE04EC0-301F-11D3-BF4B-00C04F79EFBC}") = "Teaching", "Teaching\Teaching.csproj", "{280F110F-D90F-4F10-9BFA-CF9B5577EAD5}"
EndProject
Global
	GlobalSection(SolutionConfigurationPlatforms) = preSolution
		Debug|Any CPU = Debug|Any CPU
		Release|Any CPU = Release|Any CPU
	EndGlobalSection
	GlobalSection(ProjectConfigurationPlatforms) = postSolution
		{280F110F-D90F-4F10-9BFA-CF9B5577EAD5}.Debug|Any CPU.ActiveCfg = Debug|Any CPU
		{280F110F-D90F-4F10-9BFA-CF9B5577EAD5}.Debug|Any CPU.Build.0 = Debug|Any CPU
		{280F110F-D90F-4F10-9BFA-CF9B5577EAD5}.Release|Any CPU.ActiveCfg = Release|Any CPU
		{280F110F-D90F-4F10-9BFA-CF9B5577EAD5}.Release|Any CPU.Build.0 = Release|Any CPU
	EndGlobalSection
	GlobalSection(SolutionProperties) = preSolution
		HideSolutionNode = FALSE
	EndGlobalSection
	GlobalSection(ExtensibilityGlobals) = postSolution
		SolutionGuid = {A6AF5BFA-87C1-4CEC-9F5B-2586C403BD96}
	EndGlobalSection
EndGlobal
